
Microsoft Visual Studio Solution File, Format Version 12.00
# Visual Studio Version 16
VisualStudioVersion = 16.0.29209.62
MinimumVisualStudioVersion = 10.0.40219.1
Project("{FAE04EC0-301F-11D3-BF4B-00C04F79EFBC}") = "FantasyDropout", "FantasyDropout\FantasyDropout.csproj", "{CE389771-3768-42A0-871F-7AB3F3354021}"
EndProject
Global
	GlobalSection(SolutionConfigurationPlatforms) = preSolution
		Debug|Any CPU = Debug|Any CPU
		Release|Any CPU = Release|Any CPU
	EndGlobalSection
	GlobalSection(ProjectConfigurationPlatforms) = postSolution
		{CE389771-3768-42A0-871F-7AB3F3354021}.Debug|Any CPU.ActiveCfg = Debug|Any CPU
		{CE389771-3768-42A0-871F-7AB3F3354021}.Debug|Any CPU.Build.0 = Debug|Any CPU
		{CE389771-3768-42A0-871F-7AB3F3354021}.Release|Any CPU.ActiveCfg = Release|Any CPU
		{CE389771-3768-42A0-871F-7AB3F3354021}.Release|Any CPU.Build.0 = Release|Any CPU
	EndGlobalSection
	GlobalSection(SolutionProperties) = preSolution
		HideSolutionNode = FALSE
	EndGlobalSection
	GlobalSection(ExtensibilityGlobals) = postSolution
		SolutionGuid = {5DAC4057-CD51-46F4-91FD-589B8D6FBC49}
	EndGlobalSection
EndGlobal
